
Microsoft Visual Studio Solution File, Format Version 12.00
# Visual Studio Version 17
VisualStudioVersion = 17.3.32804.467
MinimumVisualStudioVersion = 10.0.40219.1
Project("{2150E333-8FDC-42A3-9474-1A3956D46DE8}") = "src", "src", "{DA6192AF-D940-4487-81A5-0070A1586BEC}"
EndProject
Project("{2150E333-8FDC-42A3-9474-1A3956D46DE8}") = "tests", "tests", "{25281CE5-827C-4D5E-84AA-90EB4734211A}"
EndProject
Project("{2150E333-8FDC-42A3-9474-1A3956D46DE8}") = "Kodlama.io.Devs", "Kodlama.io.Devs", "{12F56E6C-D2B9-4E9B-8A25-69AF8C604A11}"
EndProject
Project("{9A19103F-16F7-4668-BE54-9A1E7A4F7556}") = "Application", "src\Kodlama.io.Devs\Application\Application.csproj", "{14A49836-4AB3-434B-9620-8FB7AE208CC6}"
EndProject
Project("{9A19103F-16F7-4668-BE54-9A1E7A4F7556}") = "Domain", "src\Kodlama.io.Devs\Domain\Domain.csproj", "{1ECE2DCF-8CE7-4ECF-BDAB-1CC7CC707CC3}"
EndProject
Project("{9A19103F-16F7-4668-BE54-9A1E7A4F7556}") = "Infrastructure", "src\Kodlama.io.Devs\Infrastructure\Infrastructure.csproj", "{B1215626-D795-4539-BA33-405D1A739959}"
EndProject
Project("{9A19103F-16F7-4668-BE54-9A1E7A4F7556}") = "WebAPI", "src\Kodlama.io.Devs\WebAPI\WebAPI.csproj", "{EC49C5A9-F43F-4EAD-9EBD-D33AE07B9E4B}"
EndProject
Project("{2150E333-8FDC-42A3-9474-1A3956D46DE8}") = "corePackages", "corePackages", "{0C34C624-FA18-43C7-8B81-C770DE3FABC4}"
EndProject
Project("{9A19103F-16F7-4668-BE54-9A1E7A4F7556}") = "Core.Application", "src\corePackages\Core.Application\Core.Application.csproj", "{C5AA6A38-5E28-46E0-B9A2-2436104D8CB2}"
EndProject
Project("{9A19103F-16F7-4668-BE54-9A1E7A4F7556}") = "Core.CrossCuttingConcerns", "src\corePackages\Core.CrossCuttingConcerns\Core.CrossCuttingConcerns.csproj", "{9F14976E-4753-421D-990E-DE40C85253CF}"
EndProject
Project("{9A19103F-16F7-4668-BE54-9A1E7A4F7556}") = "Core.ElasticSearch", "src\corePackages\Core.ElasticSearch\Core.ElasticSearch.csproj", "{B404A08C-B64A-41BC-83F8-D2DD1A053CBC}"
EndProject
Project("{9A19103F-16F7-4668-BE54-9A1E7A4F7556}") = "Core.Mailing", "src\corePackages\Core.Mailing\Core.Mailing.csproj", "{B3133015-C6FB-4A45-B871-649C10D6C8D2}"
EndProject
Project("{9A19103F-16F7-4668-BE54-9A1E7A4F7556}") = "Core.Persistence", "src\corePackages\Core.Persistence\Core.Persistence.csproj", "{4973A6A3-1DFE-485F-93F9-B21C08E45359}"
EndProject
Project("{9A19103F-16F7-4668-BE54-9A1E7A4F7556}") = "Core.Security", "src\corePackages\Core.Security\Core.Security.csproj", "{D66D7A53-6DB6-49B6-A9FF-A1147A2B0204}"
EndProject
Project("{FAE04EC0-301F-11D3-BF4B-00C04F79EFBC}") = "Persistence", "src\Kodlama.io.Devs\Persistence\Persistence.csproj", "{F5CC28B3-F1F6-408B-9C25-E68214B67743}"
EndProject
Global
	GlobalSection(SolutionConfigurationPlatforms) = preSolution
		Debug|Any CPU = Debug|Any CPU
		Release|Any CPU = Release|Any CPU
	EndGlobalSection
	GlobalSection(ProjectConfigurationPlatforms) = postSolution
		{14A49836-4AB3-434B-9620-8FB7AE208CC6}.Debug|Any CPU.ActiveCfg = Debug|Any CPU
		{14A49836-4AB3-434B-9620-8FB7AE208CC6}.Debug|Any CPU.Build.0 = Debug|Any CPU
		{14A49836-4AB3-434B-9620-8FB7AE208CC6}.Release|Any CPU.ActiveCfg = Release|Any CPU
		{14A49836-4AB3-434B-9620-8FB7AE208CC6}.Release|Any CPU.Build.0 = Release|Any CPU
		{1ECE2DCF-8CE7-4ECF-BDAB-1CC7CC707CC3}.Debug|Any CPU.ActiveCfg = Debug|Any CPU
		{1ECE2DCF-8CE7-4ECF-BDAB-1CC7CC707CC3}.Debug|Any CPU.Build.0 = Debug|Any CPU
		{1ECE2DCF-8CE7-4ECF-BDAB-1CC7CC707CC3}.Release|Any CPU.ActiveCfg = Release|Any CPU
		{1ECE2DCF-8CE7-4ECF-BDAB-1CC7CC707CC3}.Release|Any CPU.Build.0 = Release|Any CPU
		{B1215626-D795-4539-BA33-405D1A739959}.Debug|Any CPU.ActiveCfg = Debug|Any CPU
		{B1215626-D795-4539-BA33-405D1A739959}.Debug|Any CPU.Build.0 = Debug|Any CPU
		{B1215626-D795-4539-BA33-405D1A739959}.Release|Any CPU.ActiveCfg = Release|Any CPU
		{B1215626-D795-4539-BA33-405D1A739959}.Release|Any CPU.Build.0 = Release|Any CPU
		{EC49C5A9-F43F-4EAD-9EBD-D33AE07B9E4B}.Debug|Any CPU.ActiveCfg = Debug|Any CPU
		{EC49C5A9-F43F-4EAD-9EBD-D33AE07B9E4B}.Debug|Any CPU.Build.0 = Debug|Any CPU
		{EC49C5A9-F43F-4EAD-9EBD-D33AE07B9E4B}.Release|Any CPU.ActiveCfg = Release|Any CPU
		{EC49C5A9-F43F-4EAD-9EBD-D33AE07B9E4B}.Release|Any CPU.Build.0 = Release|Any CPU
		{C5AA6A38-5E28-46E0-B9A2-2436104D8CB2}.Debug|Any CPU.ActiveCfg = Debug|Any CPU
		{C5AA6A38-5E28-46E0-B9A2-2436104D8CB2}.Debug|Any CPU.Build.0 = Debug|Any CPU
		{C5AA6A38-5E28-46E0-B9A2-2436104D8CB2}.Release|Any CPU.ActiveCfg = Release|Any CPU
		{C5AA6A38-5E28-46E0-B9A2-2436104D8CB2}.Release|Any CPU.Build.0 = Release|Any CPU
		{9F14976E-4753-421D-990E-DE40C85253CF}.Debug|Any CPU.ActiveCfg = Debug|Any CPU
		{9F14976E-4753-421D-990E-DE40C85253CF}.Debug|Any CPU.Build.0 = Debug|Any CPU
		{9F14976E-4753-421D-990E-DE40C85253CF}.Release|Any CPU.ActiveCfg = Release|Any CPU
		{9F14976E-4753-421D-990E-DE40C85253CF}.Release|Any CPU.Build.0 = Release|Any CPU
		{B404A08C-B64A-41BC-83F8-D2DD1A053CBC}.Debug|Any CPU.ActiveCfg = Debug|Any CPU
		{B404A08C-B64A-41BC-83F8-D2DD1A053CBC}.Debug|Any CPU.Build.0 = Debug|Any CPU
		{B404A08C-B64A-41BC-83F8-D2DD1A053CBC}.Release|Any CPU.ActiveCfg = Release|Any CPU
		{B404A08C-B64A-41BC-83F8-D2DD1A053CBC}.Release|Any CPU.Build.0 = Release|Any CPU
		{B3133015-C6FB-4A45-B871-649C10D6C8D2}.Debug|Any CPU.ActiveCfg = Debug|Any CPU
		{B3133015-C6FB-4A45-B871-649C10D6C8D2}.Debug|Any CPU.Build.0 = Debug|Any CPU
		{B3133015-C6FB-4A45-B871-649C10D6C8D2}.Release|Any CPU.ActiveCfg = Release|Any CPU
		{B3133015-C6FB-4A45-B871-649C10D6C8D2}.Release|Any CPU.Build.0 = Release|Any CPU
		{4973A6A3-1DFE-485F-93F9-B21C08E45359}.Debug|Any CPU.ActiveCfg = Debug|Any CPU
		{4973A6A3-1DFE-485F-93F9-B21C08E45359}.Debug|Any CPU.Build.0 = Debug|Any CPU
		{4973A6A3-1DFE-485F-93F9-B21C08E45359}.Release|Any CPU.ActiveCfg = Release|Any CPU
		{4973A6A3-1DFE-485F-93F9-B21C08E45359}.Release|Any CPU.Build.0 = Release|Any CPU
		{D66D7A53-6DB6-49B6-A9FF-A1147A2B0204}.Debug|Any CPU.ActiveCfg = Debug|Any CPU
		{D66D7A53-6DB6-49B6-A9FF-A1147A2B0204}.Debug|Any CPU.Build.0 = Debug|Any CPU
		{D66D7A53-6DB6-49B6-A9FF-A1147A2B0204}.Release|Any CPU.ActiveCfg = Release|Any CPU
		{D66D7A53-6DB6-49B6-A9FF-A1147A2B0204}.Release|Any CPU.Build.0 = Release|Any CPU
		{F5CC28B3-F1F6-408B-9C25-E68214B67743}.Debug|Any CPU.ActiveCfg = Debug|Any CPU
		{F5CC28B3-F1F6-408B-9C25-E68214B67743}.Debug|Any CPU.Build.0 = Debug|Any CPU
		{F5CC28B3-F1F6-408B-9C25-E68214B67743}.Release|Any CPU.ActiveCfg = Release|Any CPU
		{F5CC28B3-F1F6-408B-9C25-E68214B67743}.Release|Any CPU.Build.0 = Release|Any CPU
	EndGlobalSection
	GlobalSection(SolutionProperties) = preSolution
		HideSolutionNode = FALSE
	EndGlobalSection
	GlobalSection(NestedProjects) = preSolution
		{12F56E6C-D2B9-4E9B-8A25-69AF8C604A11} = {DA6192AF-D940-4487-81A5-0070A1586BEC}
		{14A49836-4AB3-434B-9620-8FB7AE208CC6} = {12F56E6C-D2B9-4E9B-8A25-69AF8C604A11}
		{1ECE2DCF-8CE7-4ECF-BDAB-1CC7CC707CC3} = {12F56E6C-D2B9-4E9B-8A25-69AF8C604A11}
		{B1215626-D795-4539-BA33-405D1A739959} = {12F56E6C-D2B9-4E9B-8A25-69AF8C604A11}
		{EC49C5A9-F43F-4EAD-9EBD-D33AE07B9E4B} = {12F56E6C-D2B9-4E9B-8A25-69AF8C604A11}
		{0C34C624-FA18-43C7-8B81-C770DE3FABC4} = {DA6192AF-D940-4487-81A5-0070A1586BEC}
		{C5AA6A38-5E28-46E0-B9A2-2436104D8CB2} = {0C34C624-FA18-43C7-8B81-C770DE3FABC4}
		{9F14976E-4753-421D-990E-DE40C85253CF} = {0C34C624-FA18-43C7-8B81-C770DE3FABC4}
		{B404A08C-B64A-41BC-83F8-D2DD1A053CBC} = {0C34C624-FA18-43C7-8B81-C770DE3FABC4}
		{B3133015-C6FB-4A45-B871-649C10D6C8D2} = {0C34C624-FA18-43C7-8B81-C770DE3FABC4}
		{4973A6A3-1DFE-485F-93F9-B21C08E45359} = {0C34C624-FA18-43C7-8B81-C770DE3FABC4}
		{D66D7A53-6DB6-49B6-A9FF-A1147A2B0204} = {0C34C624-FA18-43C7-8B81-C770DE3FABC4}
		{F5CC28B3-F1F6-408B-9C25-E68214B67743} = {12F56E6C-D2B9-4E9B-8A25-69AF8C604A11}
	EndGlobalSection
	GlobalSection(ExtensibilityGlobals) = postSolution
		SolutionGuid = {C6816EEB-9F3E-41E5-9386-FBC9BDFCF32D}
	EndGlobalSection
EndGlobal
